# This file was autogenerated by Stack.
# You should not edit this file by hand.
# For more information, please see the documentation at:
#   https://docs.haskellstack.org/en/stable/lock_files

packages:
- completed:
    hackage: morpheus-graphql-0.8.0@sha256:4971cec4de9c5e49b9b2c82e371ceae0579b7a5a9fa6c81f3df81856e8cc4dde,24172
    pantry-tree:
      size: 35408
      sha256: 94a33bcbaa593e93f871399ea792d0f1faacd005dccfa9eba1f67229e80e9fd9
  original:
    hackage: morpheus-graphql-0.8.0
- completed:
    hackage: geodetics-0.1.0@sha256:699c10cd8d69222b125d054cdc8e2bcee7cb0558c78fa1b4fa06b2d3ecf29f5c,2387
    pantry-tree:
      size: 1086
      sha256: e1c0342b02b90ed50a0d6529084bc3938a12c6d8ad207248b17a3cdd1199381c
  original:
    hackage: geodetics-0.1.0
snapshots:
- completed:
    size: 524804
    url: https://raw.githubusercontent.com/commercialhaskell/stackage-snapshots/master/lts/14/16.yaml
    sha256: 4d1519a4372d051d47a5eae2241cf3fb54e113d7475f89707ddb6ec06add2888
  original: lts-14.16
