# This file was autogenerated by Stack.
# You should not edit this file by hand.
# For more information, please see the documentation at:
#   https://docs.haskellstack.org/en/stable/lock_files

packages:
- completed:
    hackage: morpheus-graphql-0.6.2@sha256:10f85311c04af4a67526d36e899d154ff5dd01ff619282f024b44f6dd63e0817,20460
    pantry-tree:
      size: 29883
      sha256: 459da4efe4ae4688a60ec2aa960f3f35754ab234a7d34b9f5538fc0eaa6e3970
  original:
    hackage: morpheus-graphql-0.6.2
- completed:
    hackage: geodetics-0.1.0@sha256:699c10cd8d69222b125d054cdc8e2bcee7cb0558c78fa1b4fa06b2d3ecf29f5c,2387
    pantry-tree:
      size: 1086
      sha256: e1c0342b02b90ed50a0d6529084bc3938a12c6d8ad207248b17a3cdd1199381c
  original:
    hackage: geodetics-0.1.0
snapshots:
- completed:
    size: 525662
    url: https://raw.githubusercontent.com/commercialhaskell/stackage-snapshots/master/lts/14/15.yaml
    sha256: c5e673e5723931b64ef2eb5004f6d9ea3c95b58d48388dbc4de6f66b97c81f7a
  original: lts-14.15
