# This file was autogenerated by Stack.
# You should not edit this file by hand.
# For more information, please see the documentation at:
#   https://docs.haskellstack.org/en/stable/lock_files

packages:
- completed:
    hackage: morpheus-graphql-0.7.1@sha256:dc8fde135a0a73e9eeb01b6b4e07cd73d8d45def7e8fd7c9586fd24c499e7e1f,21024
    pantry-tree:
      size: 30418
      sha256: 8683c157cfd928b3dbdb717a26589a0e4116f8323ddd0d50517ee16a1366cb98
  original:
    hackage: morpheus-graphql-0.7.1
- completed:
    hackage: geodetics-0.1.0@sha256:699c10cd8d69222b125d054cdc8e2bcee7cb0558c78fa1b4fa06b2d3ecf29f5c,2387
    pantry-tree:
      size: 1086
      sha256: e1c0342b02b90ed50a0d6529084bc3938a12c6d8ad207248b17a3cdd1199381c
  original:
    hackage: geodetics-0.1.0
snapshots:
- completed:
    size: 524804
    url: https://raw.githubusercontent.com/commercialhaskell/stackage-snapshots/master/lts/14/16.yaml
    sha256: 4d1519a4372d051d47a5eae2241cf3fb54e113d7475f89707ddb6ec06add2888
  original: lts-14.16
