# This file was autogenerated by Stack.
# You should not edit this file by hand.
# For more information, please see the documentation at:
#   https://docs.haskellstack.org/en/stable/lock_files

packages:
- completed:
    hackage: morpheus-graphql-0.8.0@sha256:4971cec4de9c5e49b9b2c82e371ceae0579b7a5a9fa6c81f3df81856e8cc4dde,24172
    pantry-tree:
      size: 35408
      sha256: 94a33bcbaa593e93f871399ea792d0f1faacd005dccfa9eba1f67229e80e9fd9
  original:
    hackage: morpheus-graphql-0.8.0
- completed:
    hackage: wkt-geom-0.0.10@sha256:b18f212391f625984639fd2d71ad938ff5ca2ea18a3fc5bf4083849bb5dbab67,5311
    pantry-tree:
      size: 2853
      sha256: efb1dc89df78e33f728008dc37747fd73e47501ad620c878721088b1217bafea
  original:
    hackage: wkt-geom-0.0.10
snapshots:
- completed:
    size: 524804
    url: https://raw.githubusercontent.com/commercialhaskell/stackage-snapshots/master/lts/14/16.yaml
    sha256: 4d1519a4372d051d47a5eae2241cf3fb54e113d7475f89707ddb6ec06add2888
  original: lts-14.16
