# This file was autogenerated by Stack.
# You should not edit this file by hand.
# For more information, please see the documentation at:
#   https://docs.haskellstack.org/en/stable/lock_files

packages:
- completed:
    hackage: morpheus-graphql-0.12.0@sha256:01e39bf3bcb9315ede629ea379c3cf6d9946c102ed6cc3c6ca777181209d7d8a,26505
    pantry-tree:
      size: 37705
      sha256: 1e408ec4673f27ba70db2bf872343ed0456262a07b18ad3728d32b7c6c71d33a
  original:
    hackage: morpheus-graphql-0.12.0
- completed:
    hackage: wkt-geom-0.0.10@sha256:b18f212391f625984639fd2d71ad938ff5ca2ea18a3fc5bf4083849bb5dbab67,5311
    pantry-tree:
      size: 2853
      sha256: efb1dc89df78e33f728008dc37747fd73e47501ad620c878721088b1217bafea
  original:
    hackage: wkt-geom-0.0.10
snapshots:
- completed:
    size: 534126
    url: https://raw.githubusercontent.com/commercialhaskell/stackage-snapshots/master/lts/16/31.yaml
    sha256: 637fb77049b25560622a224845b7acfe81a09fdb6a96a3c75997a10b651667f6
  original: lts-16.31
